
Microsoft Visual Studio Solution File, Format Version 12.00
# Visual Studio Version 16
VisualStudioVersion = 16.0.30330.147
MinimumVisualStudioVersion = 10.0.40219.1
Project("{FAE04EC0-301F-11D3-BF4B-00C04F79EFBC}") = "CodeFirstPracticeUpdates", "CodeFirstPracticeUpdates\CodeFirstPracticeUpdates.csproj", "{CF83E666-9B0C-4F25-A490-8CEF2D9066D2}"
EndProject
Global
	GlobalSection(SolutionConfigurationPlatforms) = preSolution
		Debug|Any CPU = Debug|Any CPU
		Release|Any CPU = Release|Any CPU
	EndGlobalSection
	GlobalSection(ProjectConfigurationPlatforms) = postSolution
		{CF83E666-9B0C-4F25-A490-8CEF2D9066D2}.Debug|Any CPU.ActiveCfg = Debug|Any CPU
		{CF83E666-9B0C-4F25-A490-8CEF2D9066D2}.Debug|Any CPU.Build.0 = Debug|Any CPU
		{CF83E666-9B0C-4F25-A490-8CEF2D9066D2}.Release|Any CPU.ActiveCfg = Release|Any CPU
		{CF83E666-9B0C-4F25-A490-8CEF2D9066D2}.Release|Any CPU.Build.0 = Release|Any CPU
	EndGlobalSection
	GlobalSection(SolutionProperties) = preSolution
		HideSolutionNode = FALSE
	EndGlobalSection
	GlobalSection(ExtensibilityGlobals) = postSolution
		SolutionGuid = {A868D49E-23CC-435C-971B-B23CDDF4FA10}
	EndGlobalSection
EndGlobal
